
Microsoft Visual Studio Solution File, Format Version 12.00
# Visual Studio Version 17
VisualStudioVersion = 17.2.32616.157
MinimumVisualStudioVersion = 10.0.40219.1
Project("{9A19103F-16F7-4668-BE54-9A1E7A4F7556}") = "Exercise7", "Exercise7.csproj", "{BDBC88D1-B1C7-452E-8809-8DB816593495}"
EndProject
Global
	GlobalSection(SolutionConfigurationPlatforms) = preSolution
		Debug|Any CPU = Debug|Any CPU
		Release|Any CPU = Release|Any CPU
	EndGlobalSection
	GlobalSection(ProjectConfigurationPlatforms) = postSolution
		{BDBC88D1-B1C7-452E-8809-8DB816593495}.Debug|Any CPU.ActiveCfg = Debug|Any CPU
		{BDBC88D1-B1C7-452E-8809-8DB816593495}.Debug|Any CPU.Build.0 = Debug|Any CPU
		{BDBC88D1-B1C7-452E-8809-8DB816593495}.Release|Any CPU.ActiveCfg = Release|Any CPU
		{BDBC88D1-B1C7-452E-8809-8DB816593495}.Release|Any CPU.Build.0 = Release|Any CPU
	EndGlobalSection
	GlobalSection(SolutionProperties) = preSolution
		HideSolutionNode = FALSE
	EndGlobalSection
	GlobalSection(ExtensibilityGlobals) = postSolution
		SolutionGuid = {E7D3BD4F-35E3-406C-8CF4-343987B01A53}
	EndGlobalSection
EndGlobal
