
Microsoft Visual Studio Solution File, Format Version 12.00
# Visual Studio Version 17
VisualStudioVersion = 17.2.32616.157
MinimumVisualStudioVersion = 10.0.40219.1
Project("{9A19103F-16F7-4668-BE54-9A1E7A4F7556}") = "exercise9", "exercise9.csproj", "{5945E949-E0EB-4F4D-894A-C25EA7F2E42B}"
EndProject
Global
	GlobalSection(SolutionConfigurationPlatforms) = preSolution
		Debug|Any CPU = Debug|Any CPU
		Release|Any CPU = Release|Any CPU
	EndGlobalSection
	GlobalSection(ProjectConfigurationPlatforms) = postSolution
		{5945E949-E0EB-4F4D-894A-C25EA7F2E42B}.Debug|Any CPU.ActiveCfg = Debug|Any CPU
		{5945E949-E0EB-4F4D-894A-C25EA7F2E42B}.Debug|Any CPU.Build.0 = Debug|Any CPU
		{5945E949-E0EB-4F4D-894A-C25EA7F2E42B}.Release|Any CPU.ActiveCfg = Release|Any CPU
		{5945E949-E0EB-4F4D-894A-C25EA7F2E42B}.Release|Any CPU.Build.0 = Release|Any CPU
	EndGlobalSection
	GlobalSection(SolutionProperties) = preSolution
		HideSolutionNode = FALSE
	EndGlobalSection
	GlobalSection(ExtensibilityGlobals) = postSolution
		SolutionGuid = {47445B8C-A8FA-4F16-B1FA-D6B42A0518E6}
	EndGlobalSection
EndGlobal
