
Microsoft Visual Studio Solution File, Format Version 12.00
# Visual Studio Version 17
VisualStudioVersion = 17.2.32616.157
MinimumVisualStudioVersion = 10.0.40219.1
Project("{9A19103F-16F7-4668-BE54-9A1E7A4F7556}") = "exercise1", "exercise1.csproj", "{D10D01DA-555B-4944-B212-147EE217B419}"
EndProject
Global
	GlobalSection(SolutionConfigurationPlatforms) = preSolution
		Debug|Any CPU = Debug|Any CPU
		Release|Any CPU = Release|Any CPU
	EndGlobalSection
	GlobalSection(ProjectConfigurationPlatforms) = postSolution
		{D10D01DA-555B-4944-B212-147EE217B419}.Debug|Any CPU.ActiveCfg = Debug|Any CPU
		{D10D01DA-555B-4944-B212-147EE217B419}.Debug|Any CPU.Build.0 = Debug|Any CPU
		{D10D01DA-555B-4944-B212-147EE217B419}.Release|Any CPU.ActiveCfg = Release|Any CPU
		{D10D01DA-555B-4944-B212-147EE217B419}.Release|Any CPU.Build.0 = Release|Any CPU
	EndGlobalSection
	GlobalSection(SolutionProperties) = preSolution
		HideSolutionNode = FALSE
	EndGlobalSection
	GlobalSection(ExtensibilityGlobals) = postSolution
		SolutionGuid = {29E395C3-7CE5-46F7-BDAA-739B1C49647E}
	EndGlobalSection
EndGlobal
