
Microsoft Visual Studio Solution File, Format Version 12.00
# Visual Studio Version 17
VisualStudioVersion = 17.3.32804.467
MinimumVisualStudioVersion = 10.0.40219.1
Project("{9A19103F-16F7-4668-BE54-9A1E7A4F7556}") = "Exercise 12", "Exercise 12.csproj", "{2B72C1F1-EC71-4A03-9D5C-7101F8624E7A}"
EndProject
Global
	GlobalSection(SolutionConfigurationPlatforms) = preSolution
		Debug|Any CPU = Debug|Any CPU
		Release|Any CPU = Release|Any CPU
	EndGlobalSection
	GlobalSection(ProjectConfigurationPlatforms) = postSolution
		{2B72C1F1-EC71-4A03-9D5C-7101F8624E7A}.Debug|Any CPU.ActiveCfg = Debug|Any CPU
		{2B72C1F1-EC71-4A03-9D5C-7101F8624E7A}.Debug|Any CPU.Build.0 = Debug|Any CPU
		{2B72C1F1-EC71-4A03-9D5C-7101F8624E7A}.Release|Any CPU.ActiveCfg = Release|Any CPU
		{2B72C1F1-EC71-4A03-9D5C-7101F8624E7A}.Release|Any CPU.Build.0 = Release|Any CPU
	EndGlobalSection
	GlobalSection(SolutionProperties) = preSolution
		HideSolutionNode = FALSE
	EndGlobalSection
	GlobalSection(ExtensibilityGlobals) = postSolution
		SolutionGuid = {C55ECCE9-6ADE-4576-8299-173BFD7412D7}
	EndGlobalSection
EndGlobal
