
Microsoft Visual Studio Solution File, Format Version 12.00
# Visual Studio Version 17
VisualStudioVersion = 17.2.32616.157
MinimumVisualStudioVersion = 10.0.40219.1
Project("{9A19103F-16F7-4668-BE54-9A1E7A4F7556}") = "Exercise6", "Exercise6.csproj", "{107D437D-B979-43DC-A855-4B70BFFB2509}"
EndProject
Global
	GlobalSection(SolutionConfigurationPlatforms) = preSolution
		Debug|Any CPU = Debug|Any CPU
		Release|Any CPU = Release|Any CPU
	EndGlobalSection
	GlobalSection(ProjectConfigurationPlatforms) = postSolution
		{107D437D-B979-43DC-A855-4B70BFFB2509}.Debug|Any CPU.ActiveCfg = Debug|Any CPU
		{107D437D-B979-43DC-A855-4B70BFFB2509}.Debug|Any CPU.Build.0 = Debug|Any CPU
		{107D437D-B979-43DC-A855-4B70BFFB2509}.Release|Any CPU.ActiveCfg = Release|Any CPU
		{107D437D-B979-43DC-A855-4B70BFFB2509}.Release|Any CPU.Build.0 = Release|Any CPU
	EndGlobalSection
	GlobalSection(SolutionProperties) = preSolution
		HideSolutionNode = FALSE
	EndGlobalSection
	GlobalSection(ExtensibilityGlobals) = postSolution
		SolutionGuid = {D77F5633-5043-4113-AFC6-4C77F3987DD1}
	EndGlobalSection
EndGlobal
