
Microsoft Visual Studio Solution File, Format Version 12.00
# Visual Studio Version 17
VisualStudioVersion = 17.2.32616.157
MinimumVisualStudioVersion = 10.0.40219.1
Project("{9A19103F-16F7-4668-BE54-9A1E7A4F7556}") = "Exercise9", "Exercise9.csproj", "{54A92FD1-3F3B-41C4-8858-7CCBDD9E50E1}"
EndProject
Global
	GlobalSection(SolutionConfigurationPlatforms) = preSolution
		Debug|Any CPU = Debug|Any CPU
		Release|Any CPU = Release|Any CPU
	EndGlobalSection
	GlobalSection(ProjectConfigurationPlatforms) = postSolution
		{54A92FD1-3F3B-41C4-8858-7CCBDD9E50E1}.Debug|Any CPU.ActiveCfg = Debug|Any CPU
		{54A92FD1-3F3B-41C4-8858-7CCBDD9E50E1}.Debug|Any CPU.Build.0 = Debug|Any CPU
		{54A92FD1-3F3B-41C4-8858-7CCBDD9E50E1}.Release|Any CPU.ActiveCfg = Release|Any CPU
		{54A92FD1-3F3B-41C4-8858-7CCBDD9E50E1}.Release|Any CPU.Build.0 = Release|Any CPU
	EndGlobalSection
	GlobalSection(SolutionProperties) = preSolution
		HideSolutionNode = FALSE
	EndGlobalSection
	GlobalSection(ExtensibilityGlobals) = postSolution
		SolutionGuid = {05695AE2-677C-4FA2-AF3F-9A406EF60D2D}
	EndGlobalSection
EndGlobal
