
Microsoft Visual Studio Solution File, Format Version 12.00
# Visual Studio Version 17
VisualStudioVersion = 17.2.32616.157
MinimumVisualStudioVersion = 10.0.40219.1
Project("{9A19103F-16F7-4668-BE54-9A1E7A4F7556}") = "Exercise 5", "Exercise 5.csproj", "{C807B523-F8B4-4805-B064-2282AE55AD67}"
EndProject
Global
	GlobalSection(SolutionConfigurationPlatforms) = preSolution
		Debug|Any CPU = Debug|Any CPU
		Release|Any CPU = Release|Any CPU
	EndGlobalSection
	GlobalSection(ProjectConfigurationPlatforms) = postSolution
		{C807B523-F8B4-4805-B064-2282AE55AD67}.Debug|Any CPU.ActiveCfg = Debug|Any CPU
		{C807B523-F8B4-4805-B064-2282AE55AD67}.Debug|Any CPU.Build.0 = Debug|Any CPU
		{C807B523-F8B4-4805-B064-2282AE55AD67}.Release|Any CPU.ActiveCfg = Release|Any CPU
		{C807B523-F8B4-4805-B064-2282AE55AD67}.Release|Any CPU.Build.0 = Release|Any CPU
	EndGlobalSection
	GlobalSection(SolutionProperties) = preSolution
		HideSolutionNode = FALSE
	EndGlobalSection
	GlobalSection(ExtensibilityGlobals) = postSolution
		SolutionGuid = {B88B06F1-CBF6-44BD-94C2-2E6FC192B4C7}
	EndGlobalSection
EndGlobal
