
Microsoft Visual Studio Solution File, Format Version 12.00
# Visual Studio Version 17
VisualStudioVersion = 17.2.32616.157
MinimumVisualStudioVersion = 10.0.40219.1
Project("{9A19103F-16F7-4668-BE54-9A1E7A4F7556}") = "Exercise4", "Exercise4.csproj", "{AE2DC4F3-740F-47E6-AA0B-B4995D833DBD}"
EndProject
Global
	GlobalSection(SolutionConfigurationPlatforms) = preSolution
		Debug|Any CPU = Debug|Any CPU
		Release|Any CPU = Release|Any CPU
	EndGlobalSection
	GlobalSection(ProjectConfigurationPlatforms) = postSolution
		{AE2DC4F3-740F-47E6-AA0B-B4995D833DBD}.Debug|Any CPU.ActiveCfg = Debug|Any CPU
		{AE2DC4F3-740F-47E6-AA0B-B4995D833DBD}.Debug|Any CPU.Build.0 = Debug|Any CPU
		{AE2DC4F3-740F-47E6-AA0B-B4995D833DBD}.Release|Any CPU.ActiveCfg = Release|Any CPU
		{AE2DC4F3-740F-47E6-AA0B-B4995D833DBD}.Release|Any CPU.Build.0 = Release|Any CPU
	EndGlobalSection
	GlobalSection(SolutionProperties) = preSolution
		HideSolutionNode = FALSE
	EndGlobalSection
	GlobalSection(ExtensibilityGlobals) = postSolution
		SolutionGuid = {AB059D4B-EE55-4CC0-A144-E3ECF5840E52}
	EndGlobalSection
EndGlobal
