
Microsoft Visual Studio Solution File, Format Version 12.00
# Visual Studio Version 17
VisualStudioVersion = 17.2.32616.157
MinimumVisualStudioVersion = 10.0.40219.1
Project("{9A19103F-16F7-4668-BE54-9A1E7A4F7556}") = "exercise6", "exercise6.csproj", "{924C0016-00F6-40AC-BD09-6082094ECADC}"
EndProject
Global
	GlobalSection(SolutionConfigurationPlatforms) = preSolution
		Debug|Any CPU = Debug|Any CPU
		Release|Any CPU = Release|Any CPU
	EndGlobalSection
	GlobalSection(ProjectConfigurationPlatforms) = postSolution
		{924C0016-00F6-40AC-BD09-6082094ECADC}.Debug|Any CPU.ActiveCfg = Debug|Any CPU
		{924C0016-00F6-40AC-BD09-6082094ECADC}.Debug|Any CPU.Build.0 = Debug|Any CPU
		{924C0016-00F6-40AC-BD09-6082094ECADC}.Release|Any CPU.ActiveCfg = Release|Any CPU
		{924C0016-00F6-40AC-BD09-6082094ECADC}.Release|Any CPU.Build.0 = Release|Any CPU
	EndGlobalSection
	GlobalSection(SolutionProperties) = preSolution
		HideSolutionNode = FALSE
	EndGlobalSection
	GlobalSection(ExtensibilityGlobals) = postSolution
		SolutionGuid = {6C5FC644-8966-4817-9D2A-06A0D45C962C}
	EndGlobalSection
EndGlobal
