
Microsoft Visual Studio Solution File, Format Version 12.00
# Visual Studio Version 17
VisualStudioVersion = 17.2.32616.157
MinimumVisualStudioVersion = 10.0.40219.1
Project("{9A19103F-16F7-4668-BE54-9A1E7A4F7556}") = "Exercise8", "Exercise8.csproj", "{FF3920DD-1243-480E-AE90-23C519B7CBA9}"
EndProject
Global
	GlobalSection(SolutionConfigurationPlatforms) = preSolution
		Debug|Any CPU = Debug|Any CPU
		Release|Any CPU = Release|Any CPU
	EndGlobalSection
	GlobalSection(ProjectConfigurationPlatforms) = postSolution
		{FF3920DD-1243-480E-AE90-23C519B7CBA9}.Debug|Any CPU.ActiveCfg = Debug|Any CPU
		{FF3920DD-1243-480E-AE90-23C519B7CBA9}.Debug|Any CPU.Build.0 = Debug|Any CPU
		{FF3920DD-1243-480E-AE90-23C519B7CBA9}.Release|Any CPU.ActiveCfg = Release|Any CPU
		{FF3920DD-1243-480E-AE90-23C519B7CBA9}.Release|Any CPU.Build.0 = Release|Any CPU
	EndGlobalSection
	GlobalSection(SolutionProperties) = preSolution
		HideSolutionNode = FALSE
	EndGlobalSection
	GlobalSection(ExtensibilityGlobals) = postSolution
		SolutionGuid = {79CC3DF7-2CD8-4BCE-B50B-EB3C9409BBFF}
	EndGlobalSection
EndGlobal
