
Microsoft Visual Studio Solution File, Format Version 12.00
# Visual Studio Version 17
VisualStudioVersion = 17.2.32616.157
MinimumVisualStudioVersion = 10.0.40219.1
Project("{9A19103F-16F7-4668-BE54-9A1E7A4F7556}") = "Exercise 6", "Exercise 6.csproj", "{D81A572F-97DD-42B2-9C9A-94C6D2B55456}"
EndProject
Global
	GlobalSection(SolutionConfigurationPlatforms) = preSolution
		Debug|Any CPU = Debug|Any CPU
		Release|Any CPU = Release|Any CPU
	EndGlobalSection
	GlobalSection(ProjectConfigurationPlatforms) = postSolution
		{D81A572F-97DD-42B2-9C9A-94C6D2B55456}.Debug|Any CPU.ActiveCfg = Debug|Any CPU
		{D81A572F-97DD-42B2-9C9A-94C6D2B55456}.Debug|Any CPU.Build.0 = Debug|Any CPU
		{D81A572F-97DD-42B2-9C9A-94C6D2B55456}.Release|Any CPU.ActiveCfg = Release|Any CPU
		{D81A572F-97DD-42B2-9C9A-94C6D2B55456}.Release|Any CPU.Build.0 = Release|Any CPU
	EndGlobalSection
	GlobalSection(SolutionProperties) = preSolution
		HideSolutionNode = FALSE
	EndGlobalSection
	GlobalSection(ExtensibilityGlobals) = postSolution
		SolutionGuid = {F8DBBFD6-61DF-4CAD-A9FB-D32934B61CD9}
	EndGlobalSection
EndGlobal
